// !$*UTF8*$!
{
	archiveVersion = 1;
	classes = {
	};
	objectVersion = 51;
	objects = {

/* Begin PBXBuildFile section */
		1A46905F941A5F62F7C1DD64 /* Pods_simpleTimerFor_AirFryer.framework in Frameworks */ = {isa = PBXBuildFile; fileRef = 1C8652A372FF7408286C7D28 /* Pods_simpleTimerFor_AirFryer.framework */; };
		680FBCFF26ABF68B0068AA11 /* Assets.xcassets in Resources */ = {isa = PBXBuildFile; fileRef = 680FBCFE26ABF68B0068AA11 /* Assets.xcassets */; };
		6856B68026A12AE300529AA0 /* Storage.swift in Sources */ = {isa = PBXBuildFile; fileRef = 6856B67F26A12AE300529AA0 /* Storage.swift */; };
		685D6E9D26A56AAF008CE5F0 /* SettingViewController.swift in Sources */ = {isa = PBXBuildFile; fileRef = 685D6E9C26A56AAF008CE5F0 /* SettingViewController.swift */; };
		6873AF3E26AC1870004F2AFA /* EditTimerViewController.swift in Sources */ = {isa = PBXBuildFile; fileRef = 6873AF3D26AC1870004F2AFA /* EditTimerViewController.swift */; };
		6874AA5C26A0F87400E2891F /* AddTimerViewController.swift in Sources */ = {isa = PBXBuildFile; fileRef = 6874AA5B26A0F87400E2891F /* AddTimerViewController.swift */; };
		6883E68B2A8117E500A86B79 /* AFHeaderView.swift in Sources */ = {isa = PBXBuildFile; fileRef = 6883E6892A8117E500A86B79 /* AFHeaderView.swift */; };
		6883E68C2A8117E500A86B79 /* AFHeaderView.xib in Resources */ = {isa = PBXBuildFile; fileRef = 6883E68A2A8117E500A86B79 /* AFHeaderView.xib */; };
		688CB2C82A548BDE0036E7F5 /* AddFoodTypeCVC.swift in Sources */ = {isa = PBXBuildFile; fileRef = 688CB2C72A548BDE0036E7F5 /* AddFoodTypeCVC.swift */; };
		68F4179B26A5805600C28EF3 /* GoogleService-Info.plist in Resources */ = {isa = PBXBuildFile; fileRef = 68F4179A26A5805600C28EF3 /* GoogleService-Info.plist */; };
		68F885B026A068FD000A49BA /* AppDelegate.swift in Sources */ = {isa = PBXBuildFile; fileRef = 68F885AF26A068FD000A49BA /* AppDelegate.swift */; };
		68F885B226A068FD000A49BA /* SceneDelegate.swift in Sources */ = {isa = PBXBuildFile; fileRef = 68F885B126A068FD000A49BA /* SceneDelegate.swift */; };
		68F885B426A068FD000A49BA /* AFTimerViewController.swift in Sources */ = {isa = PBXBuildFile; fileRef = 68F885B326A068FD000A49BA /* AFTimerViewController.swift */; };
		68F885B726A068FD000A49BA /* Main.storyboard in Resources */ = {isa = PBXBuildFile; fileRef = 68F885B526A068FD000A49BA /* Main.storyboard */; };
		68F885BC26A068FE000A49BA /* LaunchScreen.storyboard in Resources */ = {isa = PBXBuildFile; fileRef = 68F885BA26A068FE000A49BA /* LaunchScreen.storyboard */; };
		68F885C626A06C44000A49BA /* AFTimerCell.swift in Sources */ = {isa = PBXBuildFile; fileRef = 68F885C526A06C44000A49BA /* AFTimerCell.swift */; };
		68F885C826A07845000A49BA /* Food.swift in Sources */ = {isa = PBXBuildFile; fileRef = 68F885C726A07845000A49BA /* Food.swift */; };
/* End PBXBuildFile section */

/* Begin PBXFileReference section */
		1C8652A372FF7408286C7D28 /* Pods_simpleTimerFor_AirFryer.framework */ = {isa = PBXFileReference; explicitFileType = wrapper.framework; includeInIndex = 0; path = Pods_simpleTimerFor_AirFryer.framework; sourceTree = BUILT_PRODUCTS_DIR; };
		40B7EEBFD53CDA8CC5DA7A23 /* Pods-simpleTimerFor_AirFryer.release.xcconfig */ = {isa = PBXFileReference; includeInIndex = 1; lastKnownFileType = text.xcconfig; name = "Pods-simpleTimerFor_AirFryer.release.xcconfig"; path = "Target Support Files/Pods-simpleTimerFor_AirFryer/Pods-simpleTimerFor_AirFryer.release.xcconfig"; sourceTree = "<group>"; };
		680FBCFE26ABF68B0068AA11 /* Assets.xcassets */ = {isa = PBXFileReference; lastKnownFileType = folder.assetcatalog; path = Assets.xcassets; sourceTree = "<group>"; };
		6856B67F26A12AE300529AA0 /* Storage.swift */ = {isa = PBXFileReference; lastKnownFileType = sourcecode.swift; path = Storage.swift; sourceTree = "<group>"; };
		685D6E9C26A56AAF008CE5F0 /* SettingViewController.swift */ = {isa = PBXFileReference; lastKnownFileType = sourcecode.swift; path = SettingViewController.swift; sourceTree = "<group>"; };
		6873AF3D26AC1870004F2AFA /* EditTimerViewController.swift */ = {isa = PBXFileReference; lastKnownFileType = sourcecode.swift; path = EditTimerViewController.swift; sourceTree = "<group>"; };
		6874AA5B26A0F87400E2891F /* AddTimerViewController.swift */ = {isa = PBXFileReference; lastKnownFileType = sourcecode.swift; path = AddTimerViewController.swift; sourceTree = "<group>"; };
		6883E6892A8117E500A86B79 /* AFHeaderView.swift */ = {isa = PBXFileReference; lastKnownFileType = sourcecode.swift; path = AFHeaderView.swift; sourceTree = "<group>"; };
		6883E68A2A8117E500A86B79 /* AFHeaderView.xib */ = {isa = PBXFileReference; lastKnownFileType = file.xib; path = AFHeaderView.xib; sourceTree = "<group>"; };
		688CB2C72A548BDE0036E7F5 /* AddFoodTypeCVC.swift */ = {isa = PBXFileReference; lastKnownFileType = sourcecode.swift; path = AddFoodTypeCVC.swift; sourceTree = "<group>"; };
		68F4179A26A5805600C28EF3 /* GoogleService-Info.plist */ = {isa = PBXFileReference; fileEncoding = 4; lastKnownFileType = text.plist.xml; name = "GoogleService-Info.plist"; path = "../GoogleService-Info.plist"; sourceTree = "<group>"; };
		68F885AC26A068FD000A49BA /* ttiling.app */ = {isa = PBXFileReference; explicitFileType = wrapper.application; includeInIndex = 0; path = ttiling.app; sourceTree = BUILT_PRODUCTS_DIR; };
		68F885AF26A068FD000A49BA /* AppDelegate.swift */ = {isa = PBXFileReference; lastKnownFileType = sourcecode.swift; path = AppDelegate.swift; sourceTree = "<group>"; };
		68F885B126A068FD000A49BA /* SceneDelegate.swift */ = {isa = PBXFileReference; lastKnownFileType = sourcecode.swift; path = SceneDelegate.swift; sourceTree = "<group>"; };
		68F885B326A068FD000A49BA /* AFTimerViewController.swift */ = {isa = PBXFileReference; lastKnownFileType = sourcecode.swift; path = AFTimerViewController.swift; sourceTree = "<group>"; };
		68F885B626A068FD000A49BA /* Base */ = {isa = PBXFileReference; lastKnownFileType = file.storyboard; name = Base; path = Base.lproj/Main.storyboard; sourceTree = "<group>"; };
		68F885BB26A068FE000A49BA /* Base */ = {isa = PBXFileReference; lastKnownFileType = file.storyboard; name = Base; path = Base.lproj/LaunchScreen.storyboard; sourceTree = "<group>"; };
		68F885BD26A068FE000A49BA /* Info.plist */ = {isa = PBXFileReference; lastKnownFileType = text.plist.xml; path = Info.plist; sourceTree = "<group>"; };
		68F885C526A06C44000A49BA /* AFTimerCell.swift */ = {isa = PBXFileReference; lastKnownFileType = sourcecode.swift; path = AFTimerCell.swift; sourceTree = "<group>"; };
		68F885C726A07845000A49BA /* Food.swift */ = {isa = PBXFileReference; lastKnownFileType = sourcecode.swift; path = Food.swift; sourceTree = "<group>"; };
		AE52D939811E1C5F971BB897 /* Pods-simpleTimerFor_AirFryer.debug.xcconfig */ = {isa = PBXFileReference; includeInIndex = 1; lastKnownFileType = text.xcconfig; name = "Pods-simpleTimerFor_AirFryer.debug.xcconfig"; path = "Target Support Files/Pods-simpleTimerFor_AirFryer/Pods-simpleTimerFor_AirFryer.debug.xcconfig"; sourceTree = "<group>"; };
/* End PBXFileReference section */

/* Begin PBXFrameworksBuildPhase section */
		68F885A926A068FD000A49BA /* Frameworks */ = {
			isa = PBXFrameworksBuildPhase;
			buildActionMask = 2147483647;
			files = (
				1A46905F941A5F62F7C1DD64 /* Pods_simpleTimerFor_AirFryer.framework in Frameworks */,
			);
			runOnlyForDeploymentPostprocessing = 0;
		};
/* End PBXFrameworksBuildPhase section */

/* Begin PBXGroup section */
		1914717C0910F774593C5FBE /* Pods */ = {
			isa = PBXGroup;
			children = (
				AE52D939811E1C5F971BB897 /* Pods-simpleTimerFor_AirFryer.debug.xcconfig */,
				40B7EEBFD53CDA8CC5DA7A23 /* Pods-simpleTimerFor_AirFryer.release.xcconfig */,
			);
			path = Pods;
			sourceTree = "<group>";
		};
		685D6E9E26A56DB6008CE5F0 /* Model */ = {
			isa = PBXGroup;
			children = (
				68F885C726A07845000A49BA /* Food.swift */,
				6856B67F26A12AE300529AA0 /* Storage.swift */,
			);
			path = Model;
			sourceTree = "<group>";
		};
		685D6E9F26A56DCE008CE5F0 /* Add */ = {
			isa = PBXGroup;
			children = (
				6874AA5B26A0F87400E2891F /* AddTimerViewController.swift */,
				688CB2C72A548BDE0036E7F5 /* AddFoodTypeCVC.swift */,
			);
			path = Add;
			sourceTree = "<group>";
		};
		685D6EA026A56DEE008CE5F0 /* Timer */ = {
			isa = PBXGroup;
			children = (
				685D6EA126A56E35008CE5F0 /* View */,
				685D6E9F26A56DCE008CE5F0 /* Add */,
				68D1A1E726AC44F0007F7E95 /* Edit */,
			);
			path = Timer;
			sourceTree = "<group>";
		};
		685D6EA126A56E35008CE5F0 /* View */ = {
			isa = PBXGroup;
			children = (
				68F885B326A068FD000A49BA /* AFTimerViewController.swift */,
				68F885C526A06C44000A49BA /* AFTimerCell.swift */,
			);
			path = View;
			sourceTree = "<group>";
		};
		68D1A1E726AC44F0007F7E95 /* Edit */ = {
			isa = PBXGroup;
			children = (
				6873AF3D26AC1870004F2AFA /* EditTimerViewController.swift */,
			);
			path = Edit;
			sourceTree = "<group>";
		};
		68F885A326A068FD000A49BA = {
			isa = PBXGroup;
			children = (
				680FBCFE26ABF68B0068AA11 /* Assets.xcassets */,
				68F885AE26A068FD000A49BA /* simpleTimerFor_AirFryer */,
				68F885AD26A068FD000A49BA /* Products */,
				1914717C0910F774593C5FBE /* Pods */,
				6EF46D1B754DEE4C46D4BDAA /* Frameworks */,
			);
			sourceTree = "<group>";
		};
		68F885AD26A068FD000A49BA /* Products */ = {
			isa = PBXGroup;
			children = (
				68F885AC26A068FD000A49BA /* ttiling.app */,
			);
			name = Products;
			sourceTree = "<group>";
		};
		68F885AE26A068FD000A49BA /* simpleTimerFor_AirFryer */ = {
			isa = PBXGroup;
			children = (
				685D6EA026A56DEE008CE5F0 /* Timer */,
				685D6E9E26A56DB6008CE5F0 /* Model */,
				68F885AF26A068FD000A49BA /* AppDelegate.swift */,
				68F885B126A068FD000A49BA /* SceneDelegate.swift */,
				6883E6892A8117E500A86B79 /* AFHeaderView.swift */,
				6883E68A2A8117E500A86B79 /* AFHeaderView.xib */,
				68F885B526A068FD000A49BA /* Main.storyboard */,
				68F885BA26A068FE000A49BA /* LaunchScreen.storyboard */,
				68F885BD26A068FE000A49BA /* Info.plist */,
				685D6E9C26A56AAF008CE5F0 /* SettingViewController.swift */,
				68F4179A26A5805600C28EF3 /* GoogleService-Info.plist */,
			);
			path = simpleTimerFor_AirFryer;
			sourceTree = "<group>";
		};
		6EF46D1B754DEE4C46D4BDAA /* Frameworks */ = {
			isa = PBXGroup;
			children = (
				1C8652A372FF7408286C7D28 /* Pods_simpleTimerFor_AirFryer.framework */,
			);
			name = Frameworks;
			sourceTree = "<group>";
		};
/* End PBXGroup section */

/* Begin PBXNativeTarget section */
		68F885AB26A068FD000A49BA /* simpleTimerFor_AirFryer */ = {
			isa = PBXNativeTarget;
			buildConfigurationList = 68F885C026A068FE000A49BA /* Build configuration list for PBXNativeTarget "simpleTimerFor_AirFryer" */;
			buildPhases = (
				42F28A48A01738DDE222A2E8 /* [CP] Check Pods Manifest.lock */,
				68F885A826A068FD000A49BA /* Sources */,
				68F885A926A068FD000A49BA /* Frameworks */,
				68F885AA26A068FD000A49BA /* Resources */,
				5CEB52C28D374F71DDBB80D9 /* [CP] Embed Pods Frameworks */,
			);
			buildRules = (
			);
			dependencies = (
			);
			name = simpleTimerFor_AirFryer;
			productName = simpleTimerFor_AirFryer;
			productReference = 68F885AC26A068FD000A49BA /* ttiling.app */;
			productType = "com.apple.product-type.application";
		};
/* End PBXNativeTarget section */

/* Begin PBXProject section */
		68F885A426A068FD000A49BA /* Project object */ = {
			isa = PBXProject;
			attributes = {
				LastSwiftUpdateCheck = 1250;
				LastUpgradeCheck = 1250;
				TargetAttributes = {
					68F885AB26A068FD000A49BA = {
						CreatedOnToolsVersion = 12.5.1;
					};
				};
			};
			buildConfigurationList = 68F885A726A068FD000A49BA /* Build configuration list for PBXProject "simpleTimerFor_AirFryer" */;
			compatibilityVersion = "Xcode 9.3";
			developmentRegion = en;
			hasScannedForEncodings = 0;
			knownRegions = (
				en,
				Base,
			);
			mainGroup = 68F885A326A068FD000A49BA;
			productRefGroup = 68F885AD26A068FD000A49BA /* Products */;
			projectDirPath = "";
			projectRoot = "";
			targets = (
				68F885AB26A068FD000A49BA /* simpleTimerFor_AirFryer */,
			);
		};
/* End PBXProject section */

/* Begin PBXResourcesBuildPhase section */
		68F885AA26A068FD000A49BA /* Resources */ = {
			isa = PBXResourcesBuildPhase;
			buildActionMask = 2147483647;
			files = (
				68F885BC26A068FE000A49BA /* LaunchScreen.storyboard in Resources */,
				68F4179B26A5805600C28EF3 /* GoogleService-Info.plist in Resources */,
				6883E68C2A8117E500A86B79 /* AFHeaderView.xib in Resources */,
				680FBCFF26ABF68B0068AA11 /* Assets.xcassets in Resources */,
				68F885B726A068FD000A49BA /* Main.storyboard in Resources */,
			);
			runOnlyForDeploymentPostprocessing = 0;
		};
/* End PBXResourcesBuildPhase section */

/* Begin PBXShellScriptBuildPhase section */
		42F28A48A01738DDE222A2E8 /* [CP] Check Pods Manifest.lock */ = {
			isa = PBXShellScriptBuildPhase;
			buildActionMask = 2147483647;
			files = (
			);
			inputFileListPaths = (
			);
			inputPaths = (
				"${PODS_PODFILE_DIR_PATH}/Podfile.lock",
				"${PODS_ROOT}/Manifest.lock",
			);
			name = "[CP] Check Pods Manifest.lock";
			outputFileListPaths = (
			);
			outputPaths = (
				"$(DERIVED_FILE_DIR)/Pods-simpleTimerFor_AirFryer-checkManifestLockResult.txt",
			);
			runOnlyForDeploymentPostprocessing = 0;
			shellPath = /bin/sh;
			shellScript = "diff \"${PODS_PODFILE_DIR_PATH}/Podfile.lock\" \"${PODS_ROOT}/Manifest.lock\" > /dev/null\nif [ $? != 0 ] ; then\n    # print error to STDERR\n    echo \"error: The sandbox is not in sync with the Podfile.lock. Run 'pod install' or update your CocoaPods installation.\" >&2\n    exit 1\nfi\n# This output is used by Xcode 'outputs' to avoid re-running this script phase.\necho \"SUCCESS\" > \"${SCRIPT_OUTPUT_FILE_0}\"\n";
			showEnvVarsInLog = 0;
		};
		5CEB52C28D374F71DDBB80D9 /* [CP] Embed Pods Frameworks */ = {
			isa = PBXShellScriptBuildPhase;
			buildActionMask = 2147483647;
			files = (
			);
			inputFileListPaths = (
				"${PODS_ROOT}/Target Support Files/Pods-simpleTimerFor_AirFryer/Pods-simpleTimerFor_AirFryer-frameworks-${CONFIGURATION}-input-files.xcfilelist",
			);
			name = "[CP] Embed Pods Frameworks";
			outputFileListPaths = (
				"${PODS_ROOT}/Target Support Files/Pods-simpleTimerFor_AirFryer/Pods-simpleTimerFor_AirFryer-frameworks-${CONFIGURATION}-output-files.xcfilelist",
			);
			runOnlyForDeploymentPostprocessing = 0;
			shellPath = /bin/sh;
			shellScript = "\"${PODS_ROOT}/Target Support Files/Pods-simpleTimerFor_AirFryer/Pods-simpleTimerFor_AirFryer-frameworks.sh\"\n";
			showEnvVarsInLog = 0;
		};
/* End PBXShellScriptBuildPhase section */

/* Begin PBXSourcesBuildPhase section */
		68F885A826A068FD000A49BA /* Sources */ = {
			isa = PBXSourcesBuildPhase;
			buildActionMask = 2147483647;
			files = (
				68F885C626A06C44000A49BA /* AFTimerCell.swift in Sources */,
				6856B68026A12AE300529AA0 /* Storage.swift in Sources */,
				68F885B426A068FD000A49BA /* AFTimerViewController.swift in Sources */,
				685D6E9D26A56AAF008CE5F0 /* SettingViewController.swift in Sources */,
				6874AA5C26A0F87400E2891F /* AddTimerViewController.swift in Sources */,
				68F885C826A07845000A49BA /* Food.swift in Sources */,
				68F885B026A068FD000A49BA /* AppDelegate.swift in Sources */,
				68F885B226A068FD000A49BA /* SceneDelegate.swift in Sources */,
				688CB2C82A548BDE0036E7F5 /* AddFoodTypeCVC.swift in Sources */,
				6883E68B2A8117E500A86B79 /* AFHeaderView.swift in Sources */,
				6873AF3E26AC1870004F2AFA /* EditTimerViewController.swift in Sources */,
			);
			runOnlyForDeploymentPostprocessing = 0;
		};
/* End PBXSourcesBuildPhase section */

/* Begin PBXVariantGroup section */
		68F885B526A068FD000A49BA /* Main.storyboard */ = {
			isa = PBXVariantGroup;
			children = (
				68F885B626A068FD000A49BA /* Base */,
			);
			name = Main.storyboard;
			sourceTree = "<group>";
		};
		68F885BA26A068FE000A49BA /* LaunchScreen.storyboard */ = {
			isa = PBXVariantGroup;
			children = (
				68F885BB26A068FE000A49BA /* Base */,
			);
			name = LaunchScreen.storyboard;
			sourceTree = "<group>";
		};
/* End PBXVariantGroup section */

/* Begin XCBuildConfiguration section */
		68F885BE26A068FE000A49BA /* Debug */ = {
			isa = XCBuildConfiguration;
			buildSettings = {
				ALWAYS_SEARCH_USER_PATHS = NO;
				CLANG_ANALYZER_NONNULL = YES;
				CLANG_ANALYZER_NUMBER_OBJECT_CONVERSION = YES_AGGRESSIVE;
				CLANG_CXX_LANGUAGE_STANDARD = "gnu++14";
				CLANG_CXX_LIBRARY = "libc++";
				CLANG_ENABLE_MODULES = YES;
				CLANG_ENABLE_OBJC_ARC = YES;
				CLANG_ENABLE_OBJC_WEAK = YES;
				CLANG_WARN_BLOCK_CAPTURE_AUTORELEASING = YES;
				CLANG_WARN_BOOL_CONVERSION = YES;
				CLANG_WARN_COMMA = YES;
				CLANG_WARN_CONSTANT_CONVERSION = YES;
				CLANG_WARN_DEPRECATED_OBJC_IMPLEMENTATIONS = YES;
				CLANG_WARN_DIRECT_OBJC_ISA_USAGE = YES_ERROR;
				CLANG_WARN_DOCUMENTATION_COMMENTS = YES;
				CLANG_WARN_EMPTY_BODY = YES;
				CLANG_WARN_ENUM_CONVERSION = YES;
				CLANG_WARN_INFINITE_RECURSION = YES;
				CLANG_WARN_INT_CONVERSION = YES;
				CLANG_WARN_NON_LITERAL_NULL_CONVERSION = YES;
				CLANG_WARN_OBJC_IMPLICIT_RETAIN_SELF = YES;
				CLANG_WARN_OBJC_LITERAL_CONVERSION = YES;
				CLANG_WARN_OBJC_ROOT_CLASS = YES_ERROR;
				CLANG_WARN_QUOTED_INCLUDE_IN_FRAMEWORK_HEADER = YES;
				CLANG_WARN_RANGE_LOOP_ANALYSIS = YES;
				CLANG_WARN_STRICT_PROTOTYPES = YES;
				CLANG_WARN_SUSPICIOUS_MOVE = YES;
				CLANG_WARN_UNGUARDED_AVAILABILITY = YES_AGGRESSIVE;
				CLANG_WARN_UNREACHABLE_CODE = YES;
				CLANG_WARN__DUPLICATE_METHOD_MATCH = YES;
				COPY_PHASE_STRIP = NO;
				DEBUG_INFORMATION_FORMAT = dwarf;
				ENABLE_STRICT_OBJC_MSGSEND = YES;
				ENABLE_TESTABILITY = YES;
				GCC_C_LANGUAGE_STANDARD = gnu11;
				GCC_DYNAMIC_NO_PIC = NO;
				GCC_NO_COMMON_BLOCKS = YES;
				GCC_OPTIMIZATION_LEVEL = 0;
				GCC_PREPROCESSOR_DEFINITIONS = (
					"DEBUG=1",
					"$(inherited)",
				);
				GCC_WARN_64_TO_32_BIT_CONVERSION = YES;
				GCC_WARN_ABOUT_RETURN_TYPE = YES_ERROR;
				GCC_WARN_UNDECLARED_SELECTOR = YES;
				GCC_WARN_UNINITIALIZED_AUTOS = YES_AGGRESSIVE;
				GCC_WARN_UNUSED_FUNCTION = YES;
				GCC_WARN_UNUSED_VARIABLE = YES;
				IPHONEOS_DEPLOYMENT_TARGET = 14.5;
				MTL_ENABLE_DEBUG_INFO = INCLUDE_SOURCE;
				MTL_FAST_MATH = YES;
				ONLY_ACTIVE_ARCH = YES;
				SDKROOT = iphoneos;
				SWIFT_ACTIVE_COMPILATION_CONDITIONS = DEBUG;
				SWIFT_OPTIMIZATION_LEVEL = "-Onone";
			};
			name = Debug;
		};
		68F885BF26A068FE000A49BA /* Release */ = {
			isa = XCBuildConfiguration;
			buildSettings = {
				ALWAYS_SEARCH_USER_PATHS = NO;
				CLANG_ANALYZER_NONNULL = YES;
				CLANG_ANALYZER_NUMBER_OBJECT_CONVERSION = YES_AGGRESSIVE;
				CLANG_CXX_LANGUAGE_STANDARD = "gnu++14";
				CLANG_CXX_LIBRARY = "libc++";
				CLANG_ENABLE_MODULES = YES;
				CLANG_ENABLE_OBJC_ARC = YES;
				CLANG_ENABLE_OBJC_WEAK = YES;
				CLANG_WARN_BLOCK_CAPTURE_AUTORELEASING = YES;
				CLANG_WARN_BOOL_CONVERSION = YES;
				CLANG_WARN_COMMA = YES;
				CLANG_WARN_CONSTANT_CONVERSION = YES;
				CLANG_WARN_DEPRECATED_OBJC_IMPLEMENTATIONS = YES;
				CLANG_WARN_DIRECT_OBJC_ISA_USAGE = YES_ERROR;
				CLANG_WARN_DOCUMENTATION_COMMENTS = YES;
				CLANG_WARN_EMPTY_BODY = YES;
				CLANG_WARN_ENUM_CONVERSION = YES;
				CLANG_WARN_INFINITE_RECURSION = YES;
				CLANG_WARN_INT_CONVERSION = YES;
				CLANG_WARN_NON_LITERAL_NULL_CONVERSION = YES;
				CLANG_WARN_OBJC_IMPLICIT_RETAIN_SELF = YES;
				CLANG_WARN_OBJC_LITERAL_CONVERSION = YES;
				CLANG_WARN_OBJC_ROOT_CLASS = YES_ERROR;
				CLANG_WARN_QUOTED_INCLUDE_IN_FRAMEWORK_HEADER = YES;
				CLANG_WARN_RANGE_LOOP_ANALYSIS = YES;
				CLANG_WARN_STRICT_PROTOTYPES = YES;
				CLANG_WARN_SUSPICIOUS_MOVE = YES;
				CLANG_WARN_UNGUARDED_AVAILABILITY = YES_AGGRESSIVE;
				CLANG_WARN_UNREACHABLE_CODE = YES;
				CLANG_WARN__DUPLICATE_METHOD_MATCH = YES;
				COPY_PHASE_STRIP = NO;
				DEBUG_INFORMATION_FORMAT = "dwarf-with-dsym";
				ENABLE_NS_ASSERTIONS = NO;
				ENABLE_STRICT_OBJC_MSGSEND = YES;
				GCC_C_LANGUAGE_STANDARD = gnu11;
				GCC_NO_COMMON_BLOCKS = YES;
				GCC_WARN_64_TO_32_BIT_CONVERSION = YES;
				GCC_WARN_ABOUT_RETURN_TYPE = YES_ERROR;
				GCC_WARN_UNDECLARED_SELECTOR = YES;
				GCC_WARN_UNINITIALIZED_AUTOS = YES_AGGRESSIVE;
				GCC_WARN_UNUSED_FUNCTION = YES;
				GCC_WARN_UNUSED_VARIABLE = YES;
				IPHONEOS_DEPLOYMENT_TARGET = 14.5;
				MTL_ENABLE_DEBUG_INFO = NO;
				MTL_FAST_MATH = YES;
				SDKROOT = iphoneos;
				SWIFT_COMPILATION_MODE = wholemodule;
				SWIFT_OPTIMIZATION_LEVEL = "-O";
				VALIDATE_PRODUCT = YES;
			};
			name = Release;
		};
		68F885C126A068FE000A49BA /* Debug */ = {
			isa = XCBuildConfiguration;
			baseConfigurationReference = AE52D939811E1C5F971BB897 /* Pods-simpleTimerFor_AirFryer.debug.xcconfig */;
			buildSettings = {
				ASSETCATALOG_COMPILER_APPICON_NAME = AppIcon;
				ASSETCATALOG_COMPILER_GLOBAL_ACCENT_COLOR_NAME = AccentColor;
				CODE_SIGN_STYLE = Automatic;
				DEVELOPMENT_TEAM = X2BFJ3XDTG;
				INFOPLIST_FILE = simpleTimerFor_AirFryer/Info.plist;
				LD_RUNPATH_SEARCH_PATHS = (
					"$(inherited)",
					"@executable_path/Frameworks",
				);
				MARKETING_VERSION = 1.0.2;
				PRODUCT_BUNDLE_IDENTIFIER = "com.jhy.simpleTimerFor-AirFryer";
				PRODUCT_NAME = ttiling;
				SWIFT_VERSION = 5.0;
				TARGETED_DEVICE_FAMILY = 1;
			};
			name = Debug;
		};
		68F885C226A068FE000A49BA /* Release */ = {
			isa = XCBuildConfiguration;
			baseConfigurationReference = 40B7EEBFD53CDA8CC5DA7A23 /* Pods-simpleTimerFor_AirFryer.release.xcconfig */;
			buildSettings = {
				ASSETCATALOG_COMPILER_APPICON_NAME = AppIcon;
				ASSETCATALOG_COMPILER_GLOBAL_ACCENT_COLOR_NAME = AccentColor;
				CODE_SIGN_STYLE = Automatic;
				DEVELOPMENT_TEAM = X2BFJ3XDTG;
				INFOPLIST_FILE = simpleTimerFor_AirFryer/Info.plist;
				LD_RUNPATH_SEARCH_PATHS = (
					"$(inherited)",
					"@executable_path/Frameworks",
				);
				MARKETING_VERSION = 1.0.2;
				PRODUCT_BUNDLE_IDENTIFIER = "com.jhy.simpleTimerFor-AirFryer";
				PRODUCT_NAME = ttiling;
				SWIFT_VERSION = 5.0;
				TARGETED_DEVICE_FAMILY = 1;
			};
			name = Release;
		};
/* End XCBuildConfiguration section */

/* Begin XCConfigurationList section */
		68F885A726A068FD000A49BA /* Build configuration list for PBXProject "simpleTimerFor_AirFryer" */ = {
			isa = XCConfigurationList;
			buildConfigurations = (
				68F885BE26A068FE000A49BA /* Debug */,
				68F885BF26A068FE000A49BA /* Release */,
			);
			defaultConfigurationIsVisible = 0;
			defaultConfigurationName = Release;
		};
		68F885C026A068FE000A49BA /* Build configuration list for PBXNativeTarget "simpleTimerFor_AirFryer" */ = {
			isa = XCConfigurationList;
			buildConfigurations = (
				68F885C126A068FE000A49BA /* Debug */,
				68F885C226A068FE000A49BA /* Release */,
			);
			defaultConfigurationIsVisible = 0;
			defaultConfigurationName = Release;
		};
/* End XCConfigurationList section */
	};
	rootObject = 68F885A426A068FD000A49BA /* Project object */;
}
